// !$*UTF8*$!
{
	archiveVersion = 1;
	classes = {
	};
	objectVersion = 50;
	objects = {

/* Begin PBXBuildFile section */
		639D2F4D227BA45E0083A31D /* ProductCell.swift in Sources */ = {isa = PBXBuildFile; fileRef = 639D2F4C227BA45E0083A31D /* ProductCell.swift */; };
		639D2F4F227BA5C70083A31D /* Product.swift in Sources */ = {isa = PBXBuildFile; fileRef = 639D2F4E227BA5C70083A31D /* Product.swift */; };
		639D2F51227BAC8B0083A31D /* ProductsVC.swift in Sources */ = {isa = PBXBuildFile; fileRef = 639D2F50227BAC8B0083A31D /* ProductsVC.swift */; };
		63F10917227A531D009B305B /* AppDelegate.swift in Sources */ = {isa = PBXBuildFile; fileRef = 63F10916227A531D009B305B /* AppDelegate.swift */; };
		63F10919227A531D009B305B /* MainVC.swift in Sources */ = {isa = PBXBuildFile; fileRef = 63F10918227A531D009B305B /* MainVC.swift */; };
		63F1091C227A531D009B305B /* Main.storyboard in Resources */ = {isa = PBXBuildFile; fileRef = 63F1091A227A531D009B305B /* Main.storyboard */; };
		63F1091E227A531E009B305B /* Assets.xcassets in Resources */ = {isa = PBXBuildFile; fileRef = 63F1091D227A531E009B305B /* Assets.xcassets */; };
		63F10921227A531E009B305B /* LaunchScreen.storyboard in Resources */ = {isa = PBXBuildFile; fileRef = 63F1091F227A531E009B305B /* LaunchScreen.storyboard */; };
		63F1092C227A57E0009B305B /* CategoryCell.swift in Sources */ = {isa = PBXBuildFile; fileRef = 63F1092B227A57E0009B305B /* CategoryCell.swift */; };
		63F1092E227A5A1E009B305B /* Category.swift in Sources */ = {isa = PBXBuildFile; fileRef = 63F1092D227A5A1E009B305B /* Category.swift */; };
		63F10931227A5BE4009B305B /* DataService.swift in Sources */ = {isa = PBXBuildFile; fileRef = 63F10930227A5BE4009B305B /* DataService.swift */; };
/* End PBXBuildFile section */

/* Begin PBXFileReference section */
		639D2F4C227BA45E0083A31D /* ProductCell.swift */ = {isa = PBXFileReference; lastKnownFileType = sourcecode.swift; path = ProductCell.swift; sourceTree = "<group>"; };
		639D2F4E227BA5C70083A31D /* Product.swift */ = {isa = PBXFileReference; lastKnownFileType = sourcecode.swift; path = Product.swift; sourceTree = "<group>"; };
		639D2F50227BAC8B0083A31D /* ProductsVC.swift */ = {isa = PBXFileReference; lastKnownFileType = sourcecode.swift; path = ProductsVC.swift; sourceTree = "<group>"; };
		63F10913227A531D009B305B /* Dev-coder-swag.app */ = {isa = PBXFileReference; explicitFileType = wrapper.application; includeInIndex = 0; path = "Dev-coder-swag.app"; sourceTree = BUILT_PRODUCTS_DIR; };
		63F10916227A531D009B305B /* AppDelegate.swift */ = {isa = PBXFileReference; lastKnownFileType = sourcecode.swift; path = AppDelegate.swift; sourceTree = "<group>"; };
		63F10918227A531D009B305B /* MainVC.swift */ = {isa = PBXFileReference; lastKnownFileType = sourcecode.swift; path = MainVC.swift; sourceTree = "<group>"; };
		63F1091B227A531D009B305B /* Base */ = {isa = PBXFileReference; lastKnownFileType = file.storyboard; name = Base; path = Base.lproj/Main.storyboard; sourceTree = "<group>"; };
		63F1091D227A531E009B305B /* Assets.xcassets */ = {isa = PBXFileReference; lastKnownFileType = folder.assetcatalog; path = Assets.xcassets; sourceTree = "<group>"; };
		63F10920227A531E009B305B /* Base */ = {isa = PBXFileReference; lastKnownFileType = file.storyboard; name = Base; path = Base.lproj/LaunchScreen.storyboard; sourceTree = "<group>"; };
		63F10922227A531E009B305B /* Info.plist */ = {isa = PBXFileReference; lastKnownFileType = text.plist.xml; path = Info.plist; sourceTree = "<group>"; };
		63F1092B227A57E0009B305B /* CategoryCell.swift */ = {isa = PBXFileReference; lastKnownFileType = sourcecode.swift; path = CategoryCell.swift; sourceTree = "<group>"; };
		63F1092D227A5A1E009B305B /* Category.swift */ = {isa = PBXFileReference; lastKnownFileType = sourcecode.swift; path = Category.swift; sourceTree = "<group>"; };
		63F10930227A5BE4009B305B /* DataService.swift */ = {isa = PBXFileReference; lastKnownFileType = sourcecode.swift; path = DataService.swift; sourceTree = "<group>"; };
/* End PBXFileReference section */

/* Begin PBXFrameworksBuildPhase section */
		63F10910227A531D009B305B /* Frameworks */ = {
			isa = PBXFrameworksBuildPhase;
			buildActionMask = 2147483647;
			files = (
			);
			runOnlyForDeploymentPostprocessing = 0;
		};
/* End PBXFrameworksBuildPhase section */

/* Begin PBXGroup section */
		63F1090A227A531D009B305B = {
			isa = PBXGroup;
			children = (
				63F10915227A531D009B305B /* Dev-coder-swag */,
				63F10914227A531D009B305B /* Products */,
			);
			sourceTree = "<group>";
		};
		63F10914227A531D009B305B /* Products */ = {
			isa = PBXGroup;
			children = (
				63F10913227A531D009B305B /* Dev-coder-swag.app */,
			);
			name = Products;
			sourceTree = "<group>";
		};
		63F10915227A531D009B305B /* Dev-coder-swag */ = {
			isa = PBXGroup;
			children = (
				63F10928227A53E2009B305B /* Model */,
				63F10929227A53EC009B305B /* View */,
				63F1092A227A53F9009B305B /* Controller */,
				63F1092F227A5BC4009B305B /* Services */,
				63F10916227A531D009B305B /* AppDelegate.swift */,
				63F1091A227A531D009B305B /* Main.storyboard */,
				63F1091D227A531E009B305B /* Assets.xcassets */,
				63F1091F227A531E009B305B /* LaunchScreen.storyboard */,
				63F10922227A531E009B305B /* Info.plist */,
			);
			path = "Dev-coder-swag";
			sourceTree = "<group>";
		};
		63F10928227A53E2009B305B /* Model */ = {
			isa = PBXGroup;
			children = (
				63F1092D227A5A1E009B305B /* Category.swift */,
				639D2F4E227BA5C70083A31D /* Product.swift */,
			);
			path = Model;
			sourceTree = "<group>";
		};
		63F10929227A53EC009B305B /* View */ = {
			isa = PBXGroup;
			children = (
				63F1092B227A57E0009B305B /* CategoryCell.swift */,
				639D2F4C227BA45E0083A31D /* ProductCell.swift */,
			);
			path = View;
			sourceTree = "<group>";
		};
		63F1092A227A53F9009B305B /* Controller */ = {
			isa = PBXGroup;
			children = (
				63F10918227A531D009B305B /* MainVC.swift */,
				639D2F50227BAC8B0083A31D /* ProductsVC.swift */,
			);
			path = Controller;
			sourceTree = "<group>";
		};
		63F1092F227A5BC4009B305B /* Services */ = {
			isa = PBXGroup;
			children = (
				63F10930227A5BE4009B305B /* DataService.swift */,
			);
			path = Services;
			sourceTree = "<group>";
		};
/* End PBXGroup section */

/* Begin PBXNativeTarget section */
		63F10912227A531D009B305B /* Dev-coder-swag */ = {
			isa = PBXNativeTarget;
			buildConfigurationList = 63F10925227A531E009B305B /* Build configuration list for PBXNativeTarget "Dev-coder-swag" */;
			buildPhases = (
				63F1090F227A531D009B305B /* Sources */,
				63F10910227A531D009B305B /* Frameworks */,
				63F10911227A531D009B305B /* Resources */,
			);
			buildRules = (
			);
			dependencies = (
			);
			name = "Dev-coder-swag";
			productName = "Dev-coder-swag";
			productReference = 63F10913227A531D009B305B /* Dev-coder-swag.app */;
			productType = "com.apple.product-type.application";
		};
/* End PBXNativeTarget section */

/* Begin PBXProject section */
		63F1090B227A531D009B305B /* Project object */ = {
			isa = PBXProject;
			attributes = {
				LastSwiftUpdateCheck = 1020;
				LastUpgradeCheck = 1020;
				ORGANIZATIONNAME = Hammerhead96;
				TargetAttributes = {
					63F10912227A531D009B305B = {
						CreatedOnToolsVersion = 10.2.1;
					};
				};
			};
			buildConfigurationList = 63F1090E227A531D009B305B /* Build configuration list for PBXProject "Dev-coder-swag" */;
			compatibilityVersion = "Xcode 9.3";
			developmentRegion = en;
			hasScannedForEncodings = 0;
			knownRegions = (
				en,
				Base,
			);
			mainGroup = 63F1090A227A531D009B305B;
			productRefGroup = 63F10914227A531D009B305B /* Products */;
			projectDirPath = "";
			projectRoot = "";
			targets = (
				63F10912227A531D009B305B /* Dev-coder-swag */,
			);
		};
/* End PBXProject section */

/* Begin PBXResourcesBuildPhase section */
		63F10911227A531D009B305B /* Resources */ = {
			isa = PBXResourcesBuildPhase;
			buildActionMask = 2147483647;
			files = (
				63F10921227A531E009B305B /* LaunchScreen.storyboard in Resources */,
				63F1091E227A531E009B305B /* Assets.xcassets in Resources */,
				63F1091C227A531D009B305B /* Main.storyboard in Resources */,
			);
			runOnlyForDeploymentPostprocessing = 0;
		};
/* End PBXResourcesBuildPhase section */

/* Begin PBXSourcesBuildPhase section */
		63F1090F227A531D009B305B /* Sources */ = {
			isa = PBXSourcesBuildPhase;
			buildActionMask = 2147483647;
			files = (
				639D2F51227BAC8B0083A31D /* ProductsVC.swift in Sources */,
				63F10919227A531D009B305B /* MainVC.swift in Sources */,
				63F10917227A531D009B305B /* AppDelegate.swift in Sources */,
				63F1092C227A57E0009B305B /* CategoryCell.swift in Sources */,
				639D2F4D227BA45E0083A31D /* ProductCell.swift in Sources */,
				63F1092E227A5A1E009B305B /* Category.swift in Sources */,
				63F10931227A5BE4009B305B /* DataService.swift in Sources */,
				639D2F4F227BA5C70083A31D /* Product.swift in Sources */,
			);
			runOnlyForDeploymentPostprocessing = 0;
		};
/* End PBXSourcesBuildPhase section */

/* Begin PBXVariantGroup section */
		63F1091A227A531D009B305B /* Main.storyboard */ = {
			isa = PBXVariantGroup;
			children = (
				63F1091B227A531D009B305B /* Base */,
			);
			name = Main.storyboard;
			sourceTree = "<group>";
		};
		63F1091F227A531E009B305B /* LaunchScreen.storyboard */ = {
			isa = PBXVariantGroup;
			children = (
				63F10920227A531E009B305B /* Base */,
			);
			name = LaunchScreen.storyboard;
			sourceTree = "<group>";
		};
/* End PBXVariantGroup section */

/* Begin XCBuildConfiguration section */
		63F10923227A531E009B305B /* Debug */ = {
			isa = XCBuildConfiguration;
			buildSettings = {
				ALWAYS_SEARCH_USER_PATHS = NO;
				CLANG_ANALYZER_NONNULL = YES;
				CLANG_ANALYZER_NUMBER_OBJECT_CONVERSION = YES_AGGRESSIVE;
				CLANG_CXX_LANGUAGE_STANDARD = "gnu++14";
				CLANG_CXX_LIBRARY = "libc++";
				CLANG_ENABLE_MODULES = YES;
				CLANG_ENABLE_OBJC_ARC = YES;
				CLANG_ENABLE_OBJC_WEAK = YES;
				CLANG_WARN_BLOCK_CAPTURE_AUTORELEASING = YES;
				CLANG_WARN_BOOL_CONVERSION = YES;
				CLANG_WARN_COMMA = YES;
				CLANG_WARN_CONSTANT_CONVERSION = YES;
				CLANG_WARN_DEPRECATED_OBJC_IMPLEMENTATIONS = YES;
				CLANG_WARN_DIRECT_OBJC_ISA_USAGE = YES_ERROR;
				CLANG_WARN_DOCUMENTATION_COMMENTS = YES;
				CLANG_WARN_EMPTY_BODY = YES;
				CLANG_WARN_ENUM_CONVERSION = YES;
				CLANG_WARN_INFINITE_RECURSION = YES;
				CLANG_WARN_INT_CONVERSION = YES;
				CLANG_WARN_NON_LITERAL_NULL_CONVERSION = YES;
				CLANG_WARN_OBJC_IMPLICIT_RETAIN_SELF = YES;
				CLANG_WARN_OBJC_LITERAL_CONVERSION = YES;
				CLANG_WARN_OBJC_ROOT_CLASS = YES_ERROR;
				CLANG_WARN_RANGE_LOOP_ANALYSIS = YES;
				CLANG_WARN_STRICT_PROTOTYPES = YES;
				CLANG_WARN_SUSPICIOUS_MOVE = YES;
				CLANG_WARN_UNGUARDED_AVAILABILITY = YES_AGGRESSIVE;
				CLANG_WARN_UNREACHABLE_CODE = YES;
				CLANG_WARN__DUPLICATE_METHOD_MATCH = YES;
				CODE_SIGN_IDENTITY = "iPhone Developer";
				COPY_PHASE_STRIP = NO;
				DEBUG_INFORMATION_FORMAT = dwarf;
				ENABLE_STRICT_OBJC_MSGSEND = YES;
				ENABLE_TESTABILITY = YES;
				GCC_C_LANGUAGE_STANDARD = gnu11;
				GCC_DYNAMIC_NO_PIC = NO;
				GCC_NO_COMMON_BLOCKS = YES;
				GCC_OPTIMIZATION_LEVEL = 0;
				GCC_PREPROCESSOR_DEFINITIONS = (
					"DEBUG=1",
					"$(inherited)",
				);
				GCC_WARN_64_TO_32_BIT_CONVERSION = YES;
				GCC_WARN_ABOUT_RETURN_TYPE = YES_ERROR;
				GCC_WARN_UNDECLARED_SELECTOR = YES;
				GCC_WARN_UNINITIALIZED_AUTOS = YES_AGGRESSIVE;
				GCC_WARN_UNUSED_FUNCTION = YES;
				GCC_WARN_UNUSED_VARIABLE = YES;
				IPHONEOS_DEPLOYMENT_TARGET = 12.2;
				MTL_ENABLE_DEBUG_INFO = INCLUDE_SOURCE;
				MTL_FAST_MATH = YES;
				ONLY_ACTIVE_ARCH = YES;
				SDKROOT = iphoneos;
				SWIFT_ACTIVE_COMPILATION_CONDITIONS = DEBUG;
				SWIFT_OPTIMIZATION_LEVEL = "-Onone";
			};
			name = Debug;
		};
		63F10924227A531E009B305B /* Release */ = {
			isa = XCBuildConfiguration;
			buildSettings = {
				ALWAYS_SEARCH_USER_PATHS = NO;
				CLANG_ANALYZER_NONNULL = YES;
				CLANG_ANALYZER_NUMBER_OBJECT_CONVERSION = YES_AGGRESSIVE;
				CLANG_CXX_LANGUAGE_STANDARD = "gnu++14";
				CLANG_CXX_LIBRARY = "libc++";
				CLANG_ENABLE_MODULES = YES;
				CLANG_ENABLE_OBJC_ARC = YES;
				CLANG_ENABLE_OBJC_WEAK = YES;
				CLANG_WARN_BLOCK_CAPTURE_AUTORELEASING = YES;
				CLANG_WARN_BOOL_CONVERSION = YES;
				CLANG_WARN_COMMA = YES;
				CLANG_WARN_CONSTANT_CONVERSION = YES;
				CLANG_WARN_DEPRECATED_OBJC_IMPLEMENTATIONS = YES;
				CLANG_WARN_DIRECT_OBJC_ISA_USAGE = YES_ERROR;
				CLANG_WARN_DOCUMENTATION_COMMENTS = YES;
				CLANG_WARN_EMPTY_BODY = YES;
				CLANG_WARN_ENUM_CONVERSION = YES;
				CLANG_WARN_INFINITE_RECURSION = YES;
				CLANG_WARN_INT_CONVERSION = YES;
				CLANG_WARN_NON_LITERAL_NULL_CONVERSION = YES;
				CLANG_WARN_OBJC_IMPLICIT_RETAIN_SELF = YES;
				CLANG_WARN_OBJC_LITERAL_CONVERSION = YES;
				CLANG_WARN_OBJC_ROOT_CLASS = YES_ERROR;
				CLANG_WARN_RANGE_LOOP_ANALYSIS = YES;
				CLANG_WARN_STRICT_PROTOTYPES = YES;
				CLANG_WARN_SUSPICIOUS_MOVE = YES;
				CLANG_WARN_UNGUARDED_AVAILABILITY = YES_AGGRESSIVE;
				CLANG_WARN_UNREACHABLE_CODE = YES;
				CLANG_WARN__DUPLICATE_METHOD_MATCH = YES;
				CODE_SIGN_IDENTITY = "iPhone Developer";
				COPY_PHASE_STRIP = NO;
				DEBUG_INFORMATION_FORMAT = "dwarf-with-dsym";
				ENABLE_NS_ASSERTIONS = NO;
				ENABLE_STRICT_OBJC_MSGSEND = YES;
				GCC_C_LANGUAGE_STANDARD = gnu11;
				GCC_NO_COMMON_BLOCKS = YES;
				GCC_WARN_64_TO_32_BIT_CONVERSION = YES;
				GCC_WARN_ABOUT_RETURN_TYPE = YES_ERROR;
				GCC_WARN_UNDECLARED_SELECTOR = YES;
				GCC_WARN_UNINITIALIZED_AUTOS = YES_AGGRESSIVE;
				GCC_WARN_UNUSED_FUNCTION = YES;
				GCC_WARN_UNUSED_VARIABLE = YES;
				IPHONEOS_DEPLOYMENT_TARGET = 12.2;
				MTL_ENABLE_DEBUG_INFO = NO;
				MTL_FAST_MATH = YES;
				SDKROOT = iphoneos;
				SWIFT_COMPILATION_MODE = wholemodule;
				SWIFT_OPTIMIZATION_LEVEL = "-O";
				VALIDATE_PRODUCT = YES;
			};
			name = Release;
		};
		63F10926227A531E009B305B /* Debug */ = {
			isa = XCBuildConfiguration;
			buildSettings = {
				ASSETCATALOG_COMPILER_APPICON_NAME = AppIcon;
				CODE_SIGN_STYLE = Automatic;
				DEVELOPMENT_TEAM = 537D4K6YGN;
				INFOPLIST_FILE = "Dev-coder-swag/Info.plist";
				LD_RUNPATH_SEARCH_PATHS = (
					"$(inherited)",
					"@executable_path/Frameworks",
				);
				PRODUCT_BUNDLE_IDENTIFIER = "edu.AnthonyCrane.Dev-coder-swag";
				PRODUCT_NAME = "$(TARGET_NAME)";
				SWIFT_VERSION = 5.0;
				TARGETED_DEVICE_FAMILY = "1,2";
			};
			name = Debug;
		};
		63F10927227A531E009B305B /* Release */ = {
			isa = XCBuildConfiguration;
			buildSettings = {
				ASSETCATALOG_COMPILER_APPICON_NAME = AppIcon;
				CODE_SIGN_STYLE = Automatic;
				DEVELOPMENT_TEAM = 537D4K6YGN;
				INFOPLIST_FILE = "Dev-coder-swag/Info.plist";
				LD_RUNPATH_SEARCH_PATHS = (
					"$(inherited)",
					"@executable_path/Frameworks",
				);
				PRODUCT_BUNDLE_IDENTIFIER = "edu.AnthonyCrane.Dev-coder-swag";
				PRODUCT_NAME = "$(TARGET_NAME)";
				SWIFT_VERSION = 5.0;
				TARGETED_DEVICE_FAMILY = "1,2";
			};
			name = Release;
		};
/* End XCBuildConfiguration section */

/* Begin XCConfigurationList section */
		63F1090E227A531D009B305B /* Build configuration list for PBXProject "Dev-coder-swag" */ = {
			isa = XCConfigurationList;
			buildConfigurations = (
				63F10923227A531E009B305B /* Debug */,
				63F10924227A531E009B305B /* Release */,
			);
			defaultConfigurationIsVisible = 0;
			defaultConfigurationName = Release;
		};
		63F10925227A531E009B305B /* Build configuration list for PBXNativeTarget "Dev-coder-swag" */ = {
			isa = XCConfigurationList;
			buildConfigurations = (
				63F10926227A531E009B305B /* Debug */,
				63F10927227A531E009B305B /* Release */,
			);
			defaultConfigurationIsVisible = 0;
			defaultConfigurationName = Release;
		};
/* End XCConfigurationList section */
	};
	rootObject = 63F1090B227A531D009B305B /* Project object */;
}
